
Microsoft Visual Studio Solution File, Format Version 12.00
# Visual Studio Version 16
VisualStudioVersion = 16.0.30104.148
MinimumVisualStudioVersion = 10.0.40219.1
Project("{FAE04EC0-301F-11D3-BF4B-00C04F79EFBC}") = "xingtong-netframe472", "xingtong-netframe472\xingtong-netframe472.csproj", "{89D0E843-C199-4190-900B-86BB5BB4E1CF}"
EndProject
Global
	GlobalSection(SolutionConfigurationPlatforms) = preSolution
		Debug|Any CPU = Debug|Any CPU
		Release|Any CPU = Release|Any CPU
	EndGlobalSection
	GlobalSection(ProjectConfigurationPlatforms) = postSolution
		{89D0E843-C199-4190-900B-86BB5BB4E1CF}.Debug|Any CPU.ActiveCfg = Debug|Any CPU
		{89D0E843-C199-4190-900B-86BB5BB4E1CF}.Debug|Any CPU.Build.0 = Debug|Any CPU
		{89D0E843-C199-4190-900B-86BB5BB4E1CF}.Release|Any CPU.ActiveCfg = Release|Any CPU
		{89D0E843-C199-4190-900B-86BB5BB4E1CF}.Release|Any CPU.Build.0 = Release|Any CPU
	EndGlobalSection
	GlobalSection(SolutionProperties) = preSolution
		HideSolutionNode = FALSE
	EndGlobalSection
	GlobalSection(ExtensibilityGlobals) = postSolution
		SolutionGuid = {2E821D59-13A5-47E0-8A4C-3AA78E69F956}
	EndGlobalSection
EndGlobal
